
Microsoft Visual Studio Solution File, Format Version 12.00
# Visual Studio Version 16
VisualStudioVersion = 16.0.31424.327
MinimumVisualStudioVersion = 10.0.40219.1
Project("{8BC9CEB8-8B4A-11D0-8D11-00A0C91BC942}") = "Airplanes_Collison_Game", "Airplanes_Collison_Game\Airplanes_Collison_Game.vcxproj", "{525F6F2F-C04A-4B5B-B1C4-D6CC983AB588}"
EndProject
Global
	GlobalSection(SolutionConfigurationPlatforms) = preSolution
		Debug|x64 = Debug|x64
		Debug|x86 = Debug|x86
		Release|x64 = Release|x64
		Release|x86 = Release|x86
	EndGlobalSection
	GlobalSection(ProjectConfigurationPlatforms) = postSolution
		{525F6F2F-C04A-4B5B-B1C4-D6CC983AB588}.Debug|x64.ActiveCfg = Debug|x64
		{525F6F2F-C04A-4B5B-B1C4-D6CC983AB588}.Debug|x64.Build.0 = Debug|x64
		{525F6F2F-C04A-4B5B-B1C4-D6CC983AB588}.Debug|x86.ActiveCfg = Debug|Win32
		{525F6F2F-C04A-4B5B-B1C4-D6CC983AB588}.Debug|x86.Build.0 = Debug|Win32
		{525F6F2F-C04A-4B5B-B1C4-D6CC983AB588}.Release|x64.ActiveCfg = Release|x64
		{525F6F2F-C04A-4B5B-B1C4-D6CC983AB588}.Release|x64.Build.0 = Release|x64
		{525F6F2F-C04A-4B5B-B1C4-D6CC983AB588}.Release|x86.ActiveCfg = Release|Win32
		{525F6F2F-C04A-4B5B-B1C4-D6CC983AB588}.Release|x86.Build.0 = Release|Win32
	EndGlobalSection
	GlobalSection(SolutionProperties) = preSolution
		HideSolutionNode = FALSE
	EndGlobalSection
	GlobalSection(ExtensibilityGlobals) = postSolution
		SolutionGuid = {ECF91CF3-F14A-47D8-ACE8-E26706C68C18}
	EndGlobalSection
EndGlobal
